github.com/mattn/go-sqlite3 v1.10.0 h1:jbhqpg7tQe4SupckyijYiy0mJJ/pRyHvXf7JdWK860o=
github.com/mattn/go-sqlite3 v1.10.0/go.mod h1:FPy6KqzDD04eiIsT53CuJW3U88zkxoIYsOqkbpncsNc=
github.com/shkh/lastfm-go v0.0.0-20180729041255-29483feae857 h1:q7kJEIYmlHvNdUUxDcHdP+HalJMxiUO1ceJho9fe4rE=
github.com/shkh/lastfm-go v0.0.0-20180729041255-29483feae857/go.mod h1:n3nudMl178cEvD44PaopxH9jhJaQzthSxUzLO5iKMy4=
